
Microsoft Visual Studio Solution File, Format Version 12.00
# Visual Studio Version 17
VisualStudioVersion = 17.6.33815.320
MinimumVisualStudioVersion = 10.0.40219.1
Project("{9A19103F-16F7-4668-BE54-9A1E7A4F7556}") = "MeleeTimer", "MeleeTimer.csproj", "{9B35ACBB-5691-4D34-9B99-DA31E0228801}"
EndProject
Global
	GlobalSection(SolutionConfigurationPlatforms) = preSolution
		Debug|Any CPU = Debug|Any CPU
		Release|Any CPU = Release|Any CPU
	EndGlobalSection
	GlobalSection(ProjectConfigurationPlatforms) = postSolution
		{9B35ACBB-5691-4D34-9B99-DA31E0228801}.Debug|Any CPU.ActiveCfg = Debug|Any CPU
		{9B35ACBB-5691-4D34-9B99-DA31E0228801}.Debug|Any CPU.Build.0 = Debug|Any CPU
		{9B35ACBB-5691-4D34-9B99-DA31E0228801}.Release|Any CPU.ActiveCfg = Release|Any CPU
		{9B35ACBB-5691-4D34-9B99-DA31E0228801}.Release|Any CPU.Build.0 = Release|Any CPU
	EndGlobalSection
	GlobalSection(SolutionProperties) = preSolution
		HideSolutionNode = FALSE
	EndGlobalSection
	GlobalSection(ExtensibilityGlobals) = postSolution
		SolutionGuid = {53D63959-B1C3-48A6-8FFD-399F461CC1B1}
	EndGlobalSection
EndGlobal
